PODS:
  - cocoa-oauth (0.0.1):
    - NSData+Base64 (~> 1.0)
  - CocoaLibSpotify (2.4.5):
    - libspotify (= 12.1.64)
  - ColorUtils (1.1.2)
  - FontAwesome+iOS (0.1.1)
  - LBBlurredImage (0.1.0)
  - libspotify (12.1.64)
  - MBProgressHUD (0.8)
  - NSData+Base64 (1.0.0)
  - SKInnerShadowLayer (1.1)

DEPENDENCIES:
  - cocoa-oauth (~> 0.0.1)
  - CocoaLibSpotify (~> 2.4.5)
  - ColorUtils (~> 1.1.2)
  - FontAwesome+iOS (~> 0.1.1)
  - LBBlurredImage (~> 0.1.0)
  - MBProgressHUD (~> 0.8)
  - SKInnerShadowLayer (~> 1.1)

SPEC CHECKSUMS:
  cocoa-oauth: 1200a2170276a62a975f2786d505dab6e2db1fa8
  CocoaLibSpotify: 908295917d06c2a975323fcbc56ecb52548579cf
  ColorUtils: 566ee2cfebc37a5c34499acd69ed77193459578f
  FontAwesome+iOS: 26037dac07b0768df058a1abfd28b10d553db393
  LBBlurredImage: 08a54f267e33451c5289076667e4d0c0102d7d07
  libspotify: 51a32efa68ea2901380dd703ed499415197d3e62
  MBProgressHUD: 8688c331cb64702283be37ab8d7d329cdd25f251
  NSData+Base64: 4e84902c4db907a15673474677e57763ef3903e4
  SKInnerShadowLayer: 2343521c0a33db86e86e2d18ca01bbc0291f1e54

PODFILE CHECKSUM: 5fd699604e852da1f1032b7905bcac4d28e84ad9

COCOAPODS: 1.2.1
